
Microsoft Visual Studio Solution File, Format Version 12.00
# Visual Studio Version 16
VisualStudioVersion = 16.0.29709.97
MinimumVisualStudioVersion = 10.0.40219.1
Project("{8BC9CEB8-8B4A-11D0-8D11-00A0C91BC942}") = "CudaAdder", "CudaAdder\CudaAdder.vcxproj", "{DC85DD3A-E98E-40EA-9FED-50F8AE5EA62A}"
EndProject
Global
	GlobalSection(SolutionConfigurationPlatforms) = preSolution
		Debug|x64 = Debug|x64
		Release|x64 = Release|x64
	EndGlobalSection
	GlobalSection(ProjectConfigurationPlatforms) = postSolution
		{DC85DD3A-E98E-40EA-9FED-50F8AE5EA62A}.Debug|x64.ActiveCfg = Debug|x64
		{DC85DD3A-E98E-40EA-9FED-50F8AE5EA62A}.Debug|x64.Build.0 = Debug|x64
		{DC85DD3A-E98E-40EA-9FED-50F8AE5EA62A}.Release|x64.ActiveCfg = Release|x64
		{DC85DD3A-E98E-40EA-9FED-50F8AE5EA62A}.Release|x64.Build.0 = Release|x64
	EndGlobalSection
	GlobalSection(SolutionProperties) = preSolution
		HideSolutionNode = FALSE
	EndGlobalSection
	GlobalSection(ExtensibilityGlobals) = postSolution
		SolutionGuid = {CB529F85-8C98-4C25-B28E-13C6E39A4EE1}
	EndGlobalSection
EndGlobal
